// !$*UTF8*$!
{
	archiveVersion = 1;
	classes = {
	};
	objectVersion = 50;
	objects = {

/* Begin PBXBuildFile section */
		5140A3C823F686AF00EEEE86 /* AppDelegate.swift in Sources */ = {isa = PBXBuildFile; fileRef = 5140A3C723F686AF00EEEE86 /* AppDelegate.swift */; };
		5140A3CA23F686AF00EEEE86 /* SceneDelegate.swift in Sources */ = {isa = PBXBuildFile; fileRef = 5140A3C923F686AF00EEEE86 /* SceneDelegate.swift */; };
		5140A3CC23F686AF00EEEE86 /* ViewController.swift in Sources */ = {isa = PBXBuildFile; fileRef = 5140A3CB23F686AF00EEEE86 /* ViewController.swift */; };
		5140A3CF23F686AF00EEEE86 /* Main.storyboard in Resources */ = {isa = PBXBuildFile; fileRef = 5140A3CD23F686AF00EEEE86 /* Main.storyboard */; };
		5140A3D123F686B300EEEE86 /* Assets.xcassets in Resources */ = {isa = PBXBuildFile; fileRef = 5140A3D023F686B300EEEE86 /* Assets.xcassets */; };
		5140A3D423F686B300EEEE86 /* LaunchScreen.storyboard in Resources */ = {isa = PBXBuildFile; fileRef = 5140A3D223F686B300EEEE86 /* LaunchScreen.storyboard */; };
/* End PBXBuildFile section */

/* Begin PBXFileReference section */
		5140A3C423F686AF00EEEE86 /* MyNoteBook.app */ = {isa = PBXFileReference; explicitFileType = wrapper.application; includeInIndex = 0; path = MyNoteBook.app; sourceTree = BUILT_PRODUCTS_DIR; };
		5140A3C723F686AF00EEEE86 /* AppDelegate.swift */ = {isa = PBXFileReference; lastKnownFileType = sourcecode.swift; path = AppDelegate.swift; sourceTree = "<group>"; };
		5140A3C923F686AF00EEEE86 /* SceneDelegate.swift */ = {isa = PBXFileReference; lastKnownFileType = sourcecode.swift; path = SceneDelegate.swift; sourceTree = "<group>"; };
		5140A3CB23F686AF00EEEE86 /* ViewController.swift */ = {isa = PBXFileReference; lastKnownFileType = sourcecode.swift; path = ViewController.swift; sourceTree = "<group>"; };
		5140A3CE23F686AF00EEEE86 /* Base */ = {isa = PBXFileReference; lastKnownFileType = file.storyboard; name = Base; path = Base.lproj/Main.storyboard; sourceTree = "<group>"; };
		5140A3D023F686B300EEEE86 /* Assets.xcassets */ = {isa = PBXFileReference; lastKnownFileType = folder.assetcatalog; path = Assets.xcassets; sourceTree = "<group>"; };
		5140A3D323F686B300EEEE86 /* Base */ = {isa = PBXFileReference; lastKnownFileType = file.storyboard; name = Base; path = Base.lproj/LaunchScreen.storyboard; sourceTree = "<group>"; };
		5140A3D523F686B300EEEE86 /* Info.plist */ = {isa = PBXFileReference; lastKnownFileType = text.plist.xml; path = Info.plist; sourceTree = "<group>"; };
/* End PBXFileReference section */

/* Begin PBXFrameworksBuildPhase section */
		5140A3C123F686AF00EEEE86 /* Frameworks */ = {
			isa = PBXFrameworksBuildPhase;
			buildActionMask = 2147483647;
			files = (
			);
			runOnlyForDeploymentPostprocessing = 0;
		};
/* End PBXFrameworksBuildPhase section */

/* Begin PBXGroup section */
		5140A3BB23F686AF00EEEE86 = {
			isa = PBXGroup;
			children = (
				5140A3C623F686AF00EEEE86 /* MyNoteBook */,
				5140A3C523F686AF00EEEE86 /* Products */,
			);
			sourceTree = "<group>";
		};
		5140A3C523F686AF00EEEE86 /* Products */ = {
			isa = PBXGroup;
			children = (
				5140A3C423F686AF00EEEE86 /* MyNoteBook.app */,
			);
			name = Products;
			sourceTree = "<group>";
		};
		5140A3C623F686AF00EEEE86 /* MyNoteBook */ = {
			isa = PBXGroup;
			children = (
				5140A3C723F686AF00EEEE86 /* AppDelegate.swift */,
				5140A3C923F686AF00EEEE86 /* SceneDelegate.swift */,
				5140A3CB23F686AF00EEEE86 /* ViewController.swift */,
				5140A3CD23F686AF00EEEE86 /* Main.storyboard */,
				5140A3D023F686B300EEEE86 /* Assets.xcassets */,
				5140A3D223F686B300EEEE86 /* LaunchScreen.storyboard */,
				5140A3D523F686B300EEEE86 /* Info.plist */,
			);
			path = MyNoteBook;
			sourceTree = "<group>";
		};
/* End PBXGroup section */

/* Begin PBXNativeTarget section */
		5140A3C323F686AF00EEEE86 /* MyNoteBook */ = {
			isa = PBXNativeTarget;
			buildConfigurationList = 5140A3D823F686B300EEEE86 /* Build configuration list for PBXNativeTarget "MyNoteBook" */;
			buildPhases = (
				5140A3C023F686AF00EEEE86 /* Sources */,
				5140A3C123F686AF00EEEE86 /* Frameworks */,
				5140A3C223F686AF00EEEE86 /* Resources */,
			);
			buildRules = (
			);
			dependencies = (
			);
			name = MyNoteBook;
			productName = MyNoteBook;
			productReference = 5140A3C423F686AF00EEEE86 /* MyNoteBook.app */;
			productType = "com.apple.product-type.application";
		};
/* End PBXNativeTarget section */

/* Begin PBXProject section */
		5140A3BC23F686AF00EEEE86 /* Project object */ = {
			isa = PBXProject;
			attributes = {
				LastSwiftUpdateCheck = 1130;
				LastUpgradeCheck = 1130;
				ORGANIZATIONNAME = "Anna Maria";
				TargetAttributes = {
					5140A3C323F686AF00EEEE86 = {
						CreatedOnToolsVersion = 11.3.1;
					};
				};
			};
			buildConfigurationList = 5140A3BF23F686AF00EEEE86 /* Build configuration list for PBXProject "MyNoteBook" */;
			compatibilityVersion = "Xcode 9.3";
			developmentRegion = en;
			hasScannedForEncodings = 0;
			knownRegions = (
				en,
				Base,
			);
			mainGroup = 5140A3BB23F686AF00EEEE86;
			productRefGroup = 5140A3C523F686AF00EEEE86 /* Products */;
			projectDirPath = "";
			projectRoot = "";
			targets = (
				5140A3C323F686AF00EEEE86 /* MyNoteBook */,
			);
		};
/* End PBXProject section */

/* Begin PBXResourcesBuildPhase section */
		5140A3C223F686AF00EEEE86 /* Resources */ = {
			isa = PBXResourcesBuildPhase;
			buildActionMask = 2147483647;
			files = (
				5140A3D423F686B300EEEE86 /* LaunchScreen.storyboard in Resources */,
				5140A3D123F686B300EEEE86 /* Assets.xcassets in Resources */,
				5140A3CF23F686AF00EEEE86 /* Main.storyboard in Resources */,
			);
			runOnlyForDeploymentPostprocessing = 0;
		};
/* End PBXResourcesBuildPhase section */

/* Begin PBXSourcesBuildPhase section */
		5140A3C023F686AF00EEEE86 /* Sources */ = {
			isa = PBXSourcesBuildPhase;
			buildActionMask = 2147483647;
			files = (
				5140A3CC23F686AF00EEEE86 /* ViewController.swift in Sources */,
				5140A3C823F686AF00EEEE86 /* AppDelegate.swift in Sources */,
				5140A3CA23F686AF00EEEE86 /* SceneDelegate.swift in Sources */,
			);
			runOnlyForDeploymentPostprocessing = 0;
		};
/* End PBXSourcesBuildPhase section */

/* Begin PBXVariantGroup section */
		5140A3CD23F686AF00EEEE86 /* Main.storyboard */ = {
			isa = PBXVariantGroup;
			children = (
				5140A3CE23F686AF00EEEE86 /* Base */,
			);
			name = Main.storyboard;
			sourceTree = "<group>";
		};
		5140A3D223F686B300EEEE86 /* LaunchScreen.storyboard */ = {
			isa = PBXVariantGroup;
			children = (
				5140A3D323F686B300EEEE86 /* Base */,
			);
			name = LaunchScreen.storyboard;
			sourceTree = "<group>";
		};
/* End PBXVariantGroup section */

/* Begin XCBuildConfiguration section */
		5140A3D623F686B300EEEE86 /* Debug */ = {
			isa = XCBuildConfiguration;
			buildSettings = {
				ALWAYS_SEARCH_USER_PATHS = NO;
				CLANG_ANALYZER_NONNULL = YES;
				CLANG_ANALYZER_NUMBER_OBJECT_CONVERSION = YES_AGGRESSIVE;
				CLANG_CXX_LANGUAGE_STANDARD = "gnu++14";
				CLANG_CXX_LIBRARY = "libc++";
				CLANG_ENABLE_MODULES = YES;
				CLANG_ENABLE_OBJC_ARC = YES;
				CLANG_ENABLE_OBJC_WEAK = YES;
				CLANG_WARN_BLOCK_CAPTURE_AUTORELEASING = YES;
				CLANG_WARN_BOOL_CONVERSION = YES;
				CLANG_WARN_COMMA = YES;
				CLANG_WARN_CONSTANT_CONVERSION = YES;
				CLANG_WARN_DEPRECATED_OBJC_IMPLEMENTATIONS = YES;
				CLANG_WARN_DIRECT_OBJC_ISA_USAGE = YES_ERROR;
				CLANG_WARN_DOCUMENTATION_COMMENTS = YES;
				CLANG_WARN_EMPTY_BODY = YES;
				CLANG_WARN_ENUM_CONVERSION = YES;
				CLANG_WARN_INFINITE_RECURSION = YES;
				CLANG_WARN_INT_CONVERSION = YES;
				CLANG_WARN_NON_LITERAL_NULL_CONVERSION = YES;
				CLANG_WARN_OBJC_IMPLICIT_RETAIN_SELF = YES;
				CLANG_WARN_OBJC_LITERAL_CONVERSION = YES;
				CLANG_WARN_OBJC_ROOT_CLASS = YES_ERROR;
				CLANG_WARN_RANGE_LOOP_ANALYSIS = YES;
				CLANG_WARN_STRICT_PROTOTYPES = YES;
				CLANG_WARN_SUSPICIOUS_MOVE = YES;
				CLANG_WARN_UNGUARDED_AVAILABILITY = YES_AGGRESSIVE;
				CLANG_WARN_UNREACHABLE_CODE = YES;
				CLANG_WARN__DUPLICATE_METHOD_MATCH = YES;
				COPY_PHASE_STRIP = NO;
				DEBUG_INFORMATION_FORMAT = dwarf;
				ENABLE_STRICT_OBJC_MSGSEND = YES;
				ENABLE_TESTABILITY = YES;
				GCC_C_LANGUAGE_STANDARD = gnu11;
				GCC_DYNAMIC_NO_PIC = NO;
				GCC_NO_COMMON_BLOCKS = YES;
				GCC_OPTIMIZATION_LEVEL = 0;
				GCC_PREPROCESSOR_DEFINITIONS = (
					"DEBUG=1",
					"$(inherited)",
				);
				GCC_WARN_64_TO_32_BIT_CONVERSION = YES;
				GCC_WARN_ABOUT_RETURN_TYPE = YES_ERROR;
				GCC_WARN_UNDECLARED_SELECTOR = YES;
				GCC_WARN_UNINITIALIZED_AUTOS = YES_AGGRESSIVE;
				GCC_WARN_UNUSED_FUNCTION = YES;
				GCC_WARN_UNUSED_VARIABLE = YES;
				IPHONEOS_DEPLOYMENT_TARGET = 13.2;
				MTL_ENABLE_DEBUG_INFO = INCLUDE_SOURCE;
				MTL_FAST_MATH = YES;
				ONLY_ACTIVE_ARCH = YES;
				SDKROOT = iphoneos;
				SWIFT_ACTIVE_COMPILATION_CONDITIONS = DEBUG;
				SWIFT_OPTIMIZATION_LEVEL = "-Onone";
			};
			name = Debug;
		};
		5140A3D723F686B300EEEE86 /* Release */ = {
			isa = XCBuildConfiguration;
			buildSettings = {
				ALWAYS_SEARCH_USER_PATHS = NO;
				CLANG_ANALYZER_NONNULL = YES;
				CLANG_ANALYZER_NUMBER_OBJECT_CONVERSION = YES_AGGRESSIVE;
				CLANG_CXX_LANGUAGE_STANDARD = "gnu++14";
				CLANG_CXX_LIBRARY = "libc++";
				CLANG_ENABLE_MODULES = YES;
				CLANG_ENABLE_OBJC_ARC = YES;
				CLANG_ENABLE_OBJC_WEAK = YES;
				CLANG_WARN_BLOCK_CAPTURE_AUTORELEASING = YES;
				CLANG_WARN_BOOL_CONVERSION = YES;
				CLANG_WARN_COMMA = YES;
				CLANG_WARN_CONSTANT_CONVERSION = YES;
				CLANG_WARN_DEPRECATED_OBJC_IMPLEMENTATIONS = YES;
				CLANG_WARN_DIRECT_OBJC_ISA_USAGE = YES_ERROR;
				CLANG_WARN_DOCUMENTATION_COMMENTS = YES;
				CLANG_WARN_EMPTY_BODY = YES;
				CLANG_WARN_ENUM_CONVERSION = YES;
				CLANG_WARN_INFINITE_RECURSION = YES;
				CLANG_WARN_INT_CONVERSION = YES;
				CLANG_WARN_NON_LITERAL_NULL_CONVERSION = YES;
				CLANG_WARN_OBJC_IMPLICIT_RETAIN_SELF = YES;
				CLANG_WARN_OBJC_LITERAL_CONVERSION = YES;
				CLANG_WARN_OBJC_ROOT_CLASS = YES_ERROR;
				CLANG_WARN_RANGE_LOOP_ANALYSIS = YES;
				CLANG_WARN_STRICT_PROTOTYPES = YES;
				CLANG_WARN_SUSPICIOUS_MOVE = YES;
				CLANG_WARN_UNGUARDED_AVAILABILITY = YES_AGGRESSIVE;
				CLANG_WARN_UNREACHABLE_CODE = YES;
				CLANG_WARN__DUPLICATE_METHOD_MATCH = YES;
				COPY_PHASE_STRIP = NO;
				DEBUG_INFORMATION_FORMAT = "dwarf-with-dsym";
				ENABLE_NS_ASSERTIONS = NO;
				ENABLE_STRICT_OBJC_MSGSEND = YES;
				GCC_C_LANGUAGE_STANDARD = gnu11;
				GCC_NO_COMMON_BLOCKS = YES;
				GCC_WARN_64_TO_32_BIT_CONVERSION = YES;
				GCC_WARN_ABOUT_RETURN_TYPE = YES_ERROR;
				GCC_WARN_UNDECLARED_SELECTOR = YES;
				GCC_WARN_UNINITIALIZED_AUTOS = YES_AGGRESSIVE;
				GCC_WARN_UNUSED_FUNCTION = YES;
				GCC_WARN_UNUSED_VARIABLE = YES;
				IPHONEOS_DEPLOYMENT_TARGET = 13.2;
				MTL_ENABLE_DEBUG_INFO = NO;
				MTL_FAST_MATH = YES;
				SDKROOT = iphoneos;
				SWIFT_COMPILATION_MODE = wholemodule;
				SWIFT_OPTIMIZATION_LEVEL = "-O";
				VALIDATE_PRODUCT = YES;
			};
			name = Release;
		};
		5140A3D923F686B300EEEE86 /* Debug */ = {
			isa = XCBuildConfiguration;
			buildSettings = {
				ASSETCATALOG_COMPILER_APPICON_NAME = AppIcon;
				CODE_SIGN_STYLE = Automatic;
				INFOPLIST_FILE = MyNoteBook/Info.plist;
				LD_RUNPATH_SEARCH_PATHS = (
					"$(inherited)",
					"@executable_path/Frameworks",
				);
				PRODUCT_BUNDLE_IDENTIFIER = dk.dat18i.IOS.MyNoteBook;
				PRODUCT_NAME = "$(TARGET_NAME)";
				SWIFT_VERSION = 5.0;
				TARGETED_DEVICE_FAMILY = "1,2";
			};
			name = Debug;
		};
		5140A3DA23F686B300EEEE86 /* Release */ = {
			isa = XCBuildConfiguration;
			buildSettings = {
				ASSETCATALOG_COMPILER_APPICON_NAME = AppIcon;
				CODE_SIGN_STYLE = Automatic;
				INFOPLIST_FILE = MyNoteBook/Info.plist;
				LD_RUNPATH_SEARCH_PATHS = (
					"$(inherited)",
					"@executable_path/Frameworks",
				);
				PRODUCT_BUNDLE_IDENTIFIER = dk.dat18i.IOS.MyNoteBook;
				PRODUCT_NAME = "$(TARGET_NAME)";
				SWIFT_VERSION = 5.0;
				TARGETED_DEVICE_FAMILY = "1,2";
			};
			name = Release;
		};
/* End XCBuildConfiguration section */

/* Begin XCConfigurationList section */
		5140A3BF23F686AF00EEEE86 /* Build configuration list for PBXProject "MyNoteBook" */ = {
			isa = XCConfigurationList;
			buildConfigurations = (
				5140A3D623F686B300EEEE86 /* Debug */,
				5140A3D723F686B300EEEE86 /* Release */,
			);
			defaultConfigurationIsVisible = 0;
			defaultConfigurationName = Release;
		};
		5140A3D823F686B300EEEE86 /* Build configuration list for PBXNativeTarget "MyNoteBook" */ = {
			isa = XCConfigurationList;
			buildConfigurations = (
				5140A3D923F686B300EEEE86 /* Debug */,
				5140A3DA23F686B300EEEE86 /* Release */,
			);
			defaultConfigurationIsVisible = 0;
			defaultConfigurationName = Release;
		};
/* End XCConfigurationList section */
	};
	rootObject = 5140A3BC23F686AF00EEEE86 /* Project object */;
}
